
Microsoft Visual Studio Solution File, Format Version 12.00
# Visual Studio Version 16
VisualStudioVersion = 16.0.30608.117
MinimumVisualStudioVersion = 10.0.40219.1
Project("{FAE04EC0-301F-11D3-BF4B-00C04F79EFBC}") = "NumbersSpelledIntoItalian", "NumbersSpelledIntoItalian\NumbersSpelledIntoItalian.csproj", "{9433E5E5-75C9-4D91-9A7F-560B1DC96CA7}"
EndProject
Project("{FAE04EC0-301F-11D3-BF4B-00C04F79EFBC}") = "UnitTests", "UnitTests\UnitTests.csproj", "{1D6453F0-4ABF-4B31-A513-B1B4CAAFA96D}"
EndProject
Global
	GlobalSection(SolutionConfigurationPlatforms) = preSolution
		Debug|Any CPU = Debug|Any CPU
		Release|Any CPU = Release|Any CPU
	EndGlobalSection
	GlobalSection(ProjectConfigurationPlatforms) = postSolution
		{9433E5E5-75C9-4D91-9A7F-560B1DC96CA7}.Debug|Any CPU.ActiveCfg = Debug|Any CPU
		{9433E5E5-75C9-4D91-9A7F-560B1DC96CA7}.Debug|Any CPU.Build.0 = Debug|Any CPU
		{9433E5E5-75C9-4D91-9A7F-560B1DC96CA7}.Release|Any CPU.ActiveCfg = Release|Any CPU
		{9433E5E5-75C9-4D91-9A7F-560B1DC96CA7}.Release|Any CPU.Build.0 = Release|Any CPU
		{1D6453F0-4ABF-4B31-A513-B1B4CAAFA96D}.Debug|Any CPU.ActiveCfg = Debug|Any CPU
		{1D6453F0-4ABF-4B31-A513-B1B4CAAFA96D}.Debug|Any CPU.Build.0 = Debug|Any CPU
		{1D6453F0-4ABF-4B31-A513-B1B4CAAFA96D}.Release|Any CPU.ActiveCfg = Release|Any CPU
		{1D6453F0-4ABF-4B31-A513-B1B4CAAFA96D}.Release|Any CPU.Build.0 = Release|Any CPU
	EndGlobalSection
	GlobalSection(SolutionProperties) = preSolution
		HideSolutionNode = FALSE
	EndGlobalSection
	GlobalSection(ExtensibilityGlobals) = postSolution
		SolutionGuid = {06F24BE8-7B5B-4506-BC32-C153D8212CD7}
	EndGlobalSection
EndGlobal
